
Microsoft Visual Studio Solution File, Format Version 12.00
Project("{FAE04EC0-301F-11D3-BF4B-00C04F79EFBC}") = "Server", "Server\Server.csproj", "{15CAEF21-C5C2-4360-B8E6-1697CAD3741C}"
EndProject
Global
	GlobalSection(SolutionConfigurationPlatforms) = preSolution
		Debug|Any CPU = Debug|Any CPU
		Release|Any CPU = Release|Any CPU
	EndGlobalSection
	GlobalSection(ProjectConfigurationPlatforms) = postSolution
		{15CAEF21-C5C2-4360-B8E6-1697CAD3741C}.Debug|Any CPU.ActiveCfg = Debug|Any CPU
		{15CAEF21-C5C2-4360-B8E6-1697CAD3741C}.Debug|Any CPU.Build.0 = Debug|Any CPU
		{15CAEF21-C5C2-4360-B8E6-1697CAD3741C}.Release|Any CPU.ActiveCfg = Release|Any CPU
		{15CAEF21-C5C2-4360-B8E6-1697CAD3741C}.Release|Any CPU.Build.0 = Release|Any CPU
	EndGlobalSection
EndGlobal
