
Microsoft Visual Studio Solution File, Format Version 12.00
# Visual Studio Version 16
VisualStudioVersion = 16.0.30413.136
MinimumVisualStudioVersion = 10.0.40219.1
Project("{E53339B2-1760-4266-BCC7-CA923CBCF16C}") = "docker-compose", "docker-compose.dcproj", "{11FB02E7-0645-41EB-9800-FC822EB95D36}"
EndProject
Project("{2150E333-8FDC-42A3-9474-1A3956D46DE8}") = "src", "src", "{10946322-DE75-44D5-A912-C109DD6B3330}"
EndProject
Project("{FAE04EC0-301F-11D3-BF4B-00C04F79EFBC}") = "DataScraper", "src\DataScraper\DataScraper.csproj", "{3519C789-3651-457E-8259-7ED2B3DFC2AB}"
EndProject
Project("{FAE04EC0-301F-11D3-BF4B-00C04F79EFBC}") = "Server", "src\Server\Server.csproj", "{45E4D3D1-A1FC-4D6D-A386-6FEE8D1D3A52}"
EndProject
Project("{FAE04EC0-301F-11D3-BF4B-00C04F79EFBC}") = "Rayshift", "src\Rayshift\Rayshift.csproj", "{3C8F0C17-9019-4252-A6C3-FF236BD5BBAE}"
EndProject
Project("{FAE04EC0-301F-11D3-BF4B-00C04F79EFBC}") = "Rayshift.Test", "src\Rayshift.Test\Rayshift.Test.csproj", "{1BCF947D-5EB9-4B5E-9280-40758F41A0A9}"
EndProject
Global
	GlobalSection(SolutionConfigurationPlatforms) = preSolution
		Debug|Any CPU = Debug|Any CPU
		Release|Any CPU = Release|Any CPU
	EndGlobalSection
	GlobalSection(ProjectConfigurationPlatforms) = postSolution
		{11FB02E7-0645-41EB-9800-FC822EB95D36}.Debug|Any CPU.ActiveCfg = Debug|Any CPU
		{11FB02E7-0645-41EB-9800-FC822EB95D36}.Debug|Any CPU.Build.0 = Debug|Any CPU
		{11FB02E7-0645-41EB-9800-FC822EB95D36}.Release|Any CPU.ActiveCfg = Release|Any CPU
		{11FB02E7-0645-41EB-9800-FC822EB95D36}.Release|Any CPU.Build.0 = Release|Any CPU
		{3519C789-3651-457E-8259-7ED2B3DFC2AB}.Debug|Any CPU.ActiveCfg = Debug|Any CPU
		{3519C789-3651-457E-8259-7ED2B3DFC2AB}.Debug|Any CPU.Build.0 = Debug|Any CPU
		{3519C789-3651-457E-8259-7ED2B3DFC2AB}.Release|Any CPU.ActiveCfg = Release|Any CPU
		{3519C789-3651-457E-8259-7ED2B3DFC2AB}.Release|Any CPU.Build.0 = Release|Any CPU
		{45E4D3D1-A1FC-4D6D-A386-6FEE8D1D3A52}.Debug|Any CPU.ActiveCfg = Debug|Any CPU
		{45E4D3D1-A1FC-4D6D-A386-6FEE8D1D3A52}.Debug|Any CPU.Build.0 = Debug|Any CPU
		{45E4D3D1-A1FC-4D6D-A386-6FEE8D1D3A52}.Release|Any CPU.ActiveCfg = Release|Any CPU
		{45E4D3D1-A1FC-4D6D-A386-6FEE8D1D3A52}.Release|Any CPU.Build.0 = Release|Any CPU
		{3C8F0C17-9019-4252-A6C3-FF236BD5BBAE}.Debug|Any CPU.ActiveCfg = Debug|Any CPU
		{3C8F0C17-9019-4252-A6C3-FF236BD5BBAE}.Debug|Any CPU.Build.0 = Debug|Any CPU
		{3C8F0C17-9019-4252-A6C3-FF236BD5BBAE}.Release|Any CPU.ActiveCfg = Release|Any CPU
		{3C8F0C17-9019-4252-A6C3-FF236BD5BBAE}.Release|Any CPU.Build.0 = Release|Any CPU
		{1BCF947D-5EB9-4B5E-9280-40758F41A0A9}.Debug|Any CPU.ActiveCfg = Debug|Any CPU
		{1BCF947D-5EB9-4B5E-9280-40758F41A0A9}.Debug|Any CPU.Build.0 = Debug|Any CPU
		{1BCF947D-5EB9-4B5E-9280-40758F41A0A9}.Release|Any CPU.ActiveCfg = Release|Any CPU
		{1BCF947D-5EB9-4B5E-9280-40758F41A0A9}.Release|Any CPU.Build.0 = Release|Any CPU
	EndGlobalSection
	GlobalSection(SolutionProperties) = preSolution
		HideSolutionNode = FALSE
	EndGlobalSection
	GlobalSection(ExtensibilityGlobals) = postSolution
		SolutionGuid = {5116B393-29F5-4CFD-9CA7-031128E9845A}
	EndGlobalSection
	GlobalSection(NestedProjects) = preSolution
		{3519C789-3651-457E-8259-7ED2B3DFC2AB} = {10946322-DE75-44D5-A912-C109DD6B3330}
		{45E4D3D1-A1FC-4D6D-A386-6FEE8D1D3A52} = {10946322-DE75-44D5-A912-C109DD6B3330}
		{3C8F0C17-9019-4252-A6C3-FF236BD5BBAE} = {10946322-DE75-44D5-A912-C109DD6B3330}
		{1BCF947D-5EB9-4B5E-9280-40758F41A0A9} = {10946322-DE75-44D5-A912-C109DD6B3330}
	EndGlobalSection
EndGlobal
